
Microsoft Visual Studio Solution File, Format Version 12.00
# Visual Studio 2013
VisualStudioVersion = 12.0.31101.0
MinimumVisualStudioVersion = 10.0.40219.1
Project("{FAE04EC0-301F-11D3-BF4B-00C04F79EFBC}") = "HotDogLover", "HotDogLover\HotDogLover.csproj", "{96E2EC30-898C-4C75-BF6E-68EF06800C5D}"
EndProject
Project("{FAE04EC0-301F-11D3-BF4B-00C04F79EFBC}") = "HotDogLover.Tests", "HotDogLover.Tests\HotDogLover.Tests.csproj", "{5579EFDA-E361-452C-BD74-13034EB83094}"
EndProject
Global
	GlobalSection(SolutionConfigurationPlatforms) = preSolution
		Debug|Any CPU = Debug|Any CPU
		Release|Any CPU = Release|Any CPU
	EndGlobalSection
	GlobalSection(ProjectConfigurationPlatforms) = postSolution
		{96E2EC30-898C-4C75-BF6E-68EF06800C5D}.Debug|Any CPU.ActiveCfg = Debug|Any CPU
		{96E2EC30-898C-4C75-BF6E-68EF06800C5D}.Debug|Any CPU.Build.0 = Debug|Any CPU
		{96E2EC30-898C-4C75-BF6E-68EF06800C5D}.Release|Any CPU.ActiveCfg = Release|Any CPU
		{96E2EC30-898C-4C75-BF6E-68EF06800C5D}.Release|Any CPU.Build.0 = Release|Any CPU
		{5579EFDA-E361-452C-BD74-13034EB83094}.Debug|Any CPU.ActiveCfg = Debug|Any CPU
		{5579EFDA-E361-452C-BD74-13034EB83094}.Debug|Any CPU.Build.0 = Debug|Any CPU
		{5579EFDA-E361-452C-BD74-13034EB83094}.Release|Any CPU.ActiveCfg = Release|Any CPU
		{5579EFDA-E361-452C-BD74-13034EB83094}.Release|Any CPU.Build.0 = Release|Any CPU
	EndGlobalSection
	GlobalSection(SolutionProperties) = preSolution
		HideSolutionNode = FALSE
	EndGlobalSection
EndGlobal
